// !$*UTF8*$!
{
	archiveVersion = 1;
	classes = {
	};
	objectVersion = 56;
	objects = {

/* Begin PBXBuildFile section */
		D4DB8EA82C5813B20003DB19 /* WildlifeWatchApp.swift in Sources */ = {isa = PBXBuildFile; fileRef = D4DB8EA72C5813B20003DB19 /* WildlifeWatchApp.swift */; };
		D4DB8EAA2C5813B20003DB19 /* ContentView.swift in Sources */ = {isa = PBXBuildFile; fileRef = D4DB8EA92C5813B20003DB19 /* ContentView.swift */; };
		D4DB8EAC2C5813B80003DB19 /* Assets.xcassets in Resources */ = {isa = PBXBuildFile; fileRef = D4DB8EAB2C5813B80003DB19 /* Assets.xcassets */; };
		D4DB8EAF2C5813B80003DB19 /* Preview Assets.xcassets in Resources */ = {isa = PBXBuildFile; fileRef = D4DB8EAE2C5813B80003DB19 /* Preview Assets.xcassets */; };
		D4DB8EB92C5813BC0003DB19 /* WildlifeWatchTests.swift in Sources */ = {isa = PBXBuildFile; fileRef = D4DB8EB82C5813BC0003DB19 /* WildlifeWatchTests.swift */; };
		D4DB8EC32C5813BC0003DB19 /* WildlifeWatchUITests.swift in Sources */ = {isa = PBXBuildFile; fileRef = D4DB8EC22C5813BC0003DB19 /* WildlifeWatchUITests.swift */; };
		D4DB8EC52C5813BC0003DB19 /* WildlifeWatchUITestsLaunchTests.swift in Sources */ = {isa = PBXBuildFile; fileRef = D4DB8EC42C5813BC0003DB19 /* WildlifeWatchUITestsLaunchTests.swift */; };
/* End PBXBuildFile section */

/* Begin PBXContainerItemProxy section */
		D4DB8EB52C5813BC0003DB19 /* PBXContainerItemProxy */ = {
			isa = PBXContainerItemProxy;
			containerPortal = D4DB8E9C2C5813B20003DB19 /* Project object */;
			proxyType = 1;
			remoteGlobalIDString = D4DB8EA32C5813B20003DB19;
			remoteInfo = WildlifeWatch;
		};
		D4DB8EBF2C5813BC0003DB19 /* PBXContainerItemProxy */ = {
			isa = PBXContainerItemProxy;
			containerPortal = D4DB8E9C2C5813B20003DB19 /* Project object */;
			proxyType = 1;
			remoteGlobalIDString = D4DB8EA32C5813B20003DB19;
			remoteInfo = WildlifeWatch;
		};
/* End PBXContainerItemProxy section */

/* Begin PBXFileReference section */
		D4DB8EA42C5813B20003DB19 /* WildlifeWatch.app */ = {isa = PBXFileReference; explicitFileType = wrapper.application; includeInIndex = 0; path = WildlifeWatch.app; sourceTree = BUILT_PRODUCTS_DIR; };
		D4DB8EA72C5813B20003DB19 /* WildlifeWatchApp.swift */ = {isa = PBXFileReference; lastKnownFileType = sourcecode.swift; path = WildlifeWatchApp.swift; sourceTree = "<group>"; };
		D4DB8EA92C5813B20003DB19 /* ContentView.swift */ = {isa = PBXFileReference; lastKnownFileType = sourcecode.swift; path = ContentView.swift; sourceTree = "<group>"; };
		D4DB8EAB2C5813B80003DB19 /* Assets.xcassets */ = {isa = PBXFileReference; lastKnownFileType = folder.assetcatalog; path = Assets.xcassets; sourceTree = "<group>"; };
		D4DB8EAE2C5813B80003DB19 /* Preview Assets.xcassets */ = {isa = PBXFileReference; lastKnownFileType = folder.assetcatalog; path = "Preview Assets.xcassets"; sourceTree = "<group>"; };
		D4DB8EB42C5813BC0003DB19 /* WildlifeWatchTests.xctest */ = {isa = PBXFileReference; explicitFileType = wrapper.cfbundle; includeInIndex = 0; path = WildlifeWatchTests.xctest; sourceTree = BUILT_PRODUCTS_DIR; };
		D4DB8EB82C5813BC0003DB19 /* WildlifeWatchTests.swift */ = {isa = PBXFileReference; lastKnownFileType = sourcecode.swift; path = WildlifeWatchTests.swift; sourceTree = "<group>"; };
		D4DB8EBE2C5813BC0003DB19 /* WildlifeWatchUITests.xctest */ = {isa = PBXFileReference; explicitFileType = wrapper.cfbundle; includeInIndex = 0; path = WildlifeWatchUITests.xctest; sourceTree = BUILT_PRODUCTS_DIR; };
		D4DB8EC22C5813BC0003DB19 /* WildlifeWatchUITests.swift */ = {isa = PBXFileReference; lastKnownFileType = sourcecode.swift; path = WildlifeWatchUITests.swift; sourceTree = "<group>"; };
		D4DB8EC42C5813BC0003DB19 /* WildlifeWatchUITestsLaunchTests.swift */ = {isa = PBXFileReference; lastKnownFileType = sourcecode.swift; path = WildlifeWatchUITestsLaunchTests.swift; sourceTree = "<group>"; };
/* End PBXFileReference section */

/* Begin PBXFrameworksBuildPhase section */
		D4DB8EA12C5813B20003DB19 /* Frameworks */ = {
			isa = PBXFrameworksBuildPhase;
			buildActionMask = 2147483647;
			files = (
			);
			runOnlyForDeploymentPostprocessing = 0;
		};
		D4DB8EB12C5813BC0003DB19 /* Frameworks */ = {
			isa = PBXFrameworksBuildPhase;
			buildActionMask = 2147483647;
			files = (
			);
			runOnlyForDeploymentPostprocessing = 0;
		};
		D4DB8EBB2C5813BC0003DB19 /* Frameworks */ = {
			isa = PBXFrameworksBuildPhase;
			buildActionMask = 2147483647;
			files = (
			);
			runOnlyForDeploymentPostprocessing = 0;
		};
/* End PBXFrameworksBuildPhase section */

/* Begin PBXGroup section */
		D4DB8E9B2C5813B20003DB19 = {
			isa = PBXGroup;
			children = (
				D4DB8EA62C5813B20003DB19 /* WildlifeWatch */,
				D4DB8EB72C5813BC0003DB19 /* WildlifeWatchTests */,
				D4DB8EC12C5813BC0003DB19 /* WildlifeWatchUITests */,
				D4DB8EA52C5813B20003DB19 /* Products */,
			);
			sourceTree = "<group>";
		};
		D4DB8EA52C5813B20003DB19 /* Products */ = {
			isa = PBXGroup;
			children = (
				D4DB8EA42C5813B20003DB19 /* WildlifeWatch.app */,
				D4DB8EB42C5813BC0003DB19 /* WildlifeWatchTests.xctest */,
				D4DB8EBE2C5813BC0003DB19 /* WildlifeWatchUITests.xctest */,
			);
			name = Products;
			sourceTree = "<group>";
		};
		D4DB8EA62C5813B20003DB19 /* WildlifeWatch */ = {
			isa = PBXGroup;
			children = (
				D4DB8EA72C5813B20003DB19 /* WildlifeWatchApp.swift */,
				D4DB8EA92C5813B20003DB19 /* ContentView.swift */,
				D4DB8EAB2C5813B80003DB19 /* Assets.xcassets */,
				D4DB8EAD2C5813B80003DB19 /* Preview Content */,
			);
			path = WildlifeWatch;
			sourceTree = "<group>";
		};
		D4DB8EAD2C5813B80003DB19 /* Preview Content */ = {
			isa = PBXGroup;
			children = (
				D4DB8EAE2C5813B80003DB19 /* Preview Assets.xcassets */,
			);
			path = "Preview Content";
			sourceTree = "<group>";
		};
		D4DB8EB72C5813BC0003DB19 /* WildlifeWatchTests */ = {
			isa = PBXGroup;
			children = (
				D4DB8EB82C5813BC0003DB19 /* WildlifeWatchTests.swift */,
			);
			path = WildlifeWatchTests;
			sourceTree = "<group>";
		};
		D4DB8EC12C5813BC0003DB19 /* WildlifeWatchUITests */ = {
			isa = PBXGroup;
			children = (
				D4DB8EC22C5813BC0003DB19 /* WildlifeWatchUITests.swift */,
				D4DB8EC42C5813BC0003DB19 /* WildlifeWatchUITestsLaunchTests.swift */,
			);
			path = WildlifeWatchUITests;
			sourceTree = "<group>";
		};
/* End PBXGroup section */

/* Begin PBXNativeTarget section */
		D4DB8EA32C5813B20003DB19 /* WildlifeWatch */ = {
			isa = PBXNativeTarget;
			buildConfigurationList = D4DB8EC82C5813BC0003DB19 /* Build configuration list for PBXNativeTarget "WildlifeWatch" */;
			buildPhases = (
				D4DB8EA02C5813B20003DB19 /* Sources */,
				D4DB8EA12C5813B20003DB19 /* Frameworks */,
				D4DB8EA22C5813B20003DB19 /* Resources */,
			);
			buildRules = (
			);
			dependencies = (
			);
			name = WildlifeWatch;
			productName = WildlifeWatch;
			productReference = D4DB8EA42C5813B20003DB19 /* WildlifeWatch.app */;
			productType = "com.apple.product-type.application";
		};
		D4DB8EB32C5813BC0003DB19 /* WildlifeWatchTests */ = {
			isa = PBXNativeTarget;
			buildConfigurationList = D4DB8ECB2C5813BC0003DB19 /* Build configuration list for PBXNativeTarget "WildlifeWatchTests" */;
			buildPhases = (
				D4DB8EB02C5813BC0003DB19 /* Sources */,
				D4DB8EB12C5813BC0003DB19 /* Frameworks */,
				D4DB8EB22C5813BC0003DB19 /* Resources */,
			);
			buildRules = (
			);
			dependencies = (
				D4DB8EB62C5813BC0003DB19 /* PBXTargetDependency */,
			);
			name = WildlifeWatchTests;
			productName = WildlifeWatchTests;
			productReference = D4DB8EB42C5813BC0003DB19 /* WildlifeWatchTests.xctest */;
			productType = "com.apple.product-type.bundle.unit-test";
		};
		D4DB8EBD2C5813BC0003DB19 /* WildlifeWatchUITests */ = {
			isa = PBXNativeTarget;
			buildConfigurationList = D4DB8ECE2C5813BC0003DB19 /* Build configuration list for PBXNativeTarget "WildlifeWatchUITests" */;
			buildPhases = (
				D4DB8EBA2C5813BC0003DB19 /* Sources */,
				D4DB8EBB2C5813BC0003DB19 /* Frameworks */,
				D4DB8EBC2C5813BC0003DB19 /* Resources */,
			);
			buildRules = (
			);
			dependencies = (
				D4DB8EC02C5813BC0003DB19 /* PBXTargetDependency */,
			);
			name = WildlifeWatchUITests;
			productName = WildlifeWatchUITests;
			productReference = D4DB8EBE2C5813BC0003DB19 /* WildlifeWatchUITests.xctest */;
			productType = "com.apple.product-type.bundle.ui-testing";
		};
/* End PBXNativeTarget section */

/* Begin PBXProject section */
		D4DB8E9C2C5813B20003DB19 /* Project object */ = {
			isa = PBXProject;
			attributes = {
				BuildIndependentTargetsInParallel = 1;
				LastSwiftUpdateCheck = 1540;
				LastUpgradeCheck = 1540;
				TargetAttributes = {
					D4DB8EA32C5813B20003DB19 = {
						CreatedOnToolsVersion = 15.4;
					};
					D4DB8EB32C5813BC0003DB19 = {
						CreatedOnToolsVersion = 15.4;
						TestTargetID = D4DB8EA32C5813B20003DB19;
					};
					D4DB8EBD2C5813BC0003DB19 = {
						CreatedOnToolsVersion = 15.4;
						TestTargetID = D4DB8EA32C5813B20003DB19;
					};
				};
			};
			buildConfigurationList = D4DB8E9F2C5813B20003DB19 /* Build configuration list for PBXProject "WildlifeWatch" */;
			compatibilityVersion = "Xcode 14.0";
			developmentRegion = en;
			hasScannedForEncodings = 0;
			knownRegions = (
				en,
				Base,
			);
			mainGroup = D4DB8E9B2C5813B20003DB19;
			productRefGroup = D4DB8EA52C5813B20003DB19 /* Products */;
			projectDirPath = "";
			projectRoot = "";
			targets = (
				D4DB8EA32C5813B20003DB19 /* WildlifeWatch */,
				D4DB8EB32C5813BC0003DB19 /* WildlifeWatchTests */,
				D4DB8EBD2C5813BC0003DB19 /* WildlifeWatchUITests */,
			);
		};
/* End PBXProject section */

/* Begin PBXResourcesBuildPhase section */
		D4DB8EA22C5813B20003DB19 /* Resources */ = {
			isa = PBXResourcesBuildPhase;
			buildActionMask = 2147483647;
			files = (
				D4DB8EAF2C5813B80003DB19 /* Preview Assets.xcassets in Resources */,
				D4DB8EAC2C5813B80003DB19 /* Assets.xcassets in Resources */,
			);
			runOnlyForDeploymentPostprocessing = 0;
		};
		D4DB8EB22C5813BC0003DB19 /* Resources */ = {
			isa = PBXResourcesBuildPhase;
			buildActionMask = 2147483647;
			files = (
			);
			runOnlyForDeploymentPostprocessing = 0;
		};
		D4DB8EBC2C5813BC0003DB19 /* Resources */ = {
			isa = PBXResourcesBuildPhase;
			buildActionMask = 2147483647;
			files = (
			);
			runOnlyForDeploymentPostprocessing = 0;
		};
/* End PBXResourcesBuildPhase section */

/* Begin PBXSourcesBuildPhase section */
		D4DB8EA02C5813B20003DB19 /* Sources */ = {
			isa = PBXSourcesBuildPhase;
			buildActionMask = 2147483647;
			files = (
				D4DB8EAA2C5813B20003DB19 /* ContentView.swift in Sources */,
				D4DB8EA82C5813B20003DB19 /* WildlifeWatchApp.swift in Sources */,
			);
			runOnlyForDeploymentPostprocessing = 0;
		};
		D4DB8EB02C5813BC0003DB19 /* Sources */ = {
			isa = PBXSourcesBuildPhase;
			buildActionMask = 2147483647;
			files = (
				D4DB8EB92C5813BC0003DB19 /* WildlifeWatchTests.swift in Sources */,
			);
			runOnlyForDeploymentPostprocessing = 0;
		};
		D4DB8EBA2C5813BC0003DB19 /* Sources */ = {
			isa = PBXSourcesBuildPhase;
			buildActionMask = 2147483647;
			files = (
				D4DB8EC52C5813BC0003DB19 /* WildlifeWatchUITestsLaunchTests.swift in Sources */,
				D4DB8EC32C5813BC0003DB19 /* WildlifeWatchUITests.swift in Sources */,
			);
			runOnlyForDeploymentPostprocessing = 0;
		};
/* End PBXSourcesBuildPhase section */

/* Begin PBXTargetDependency section */
		D4DB8EB62C5813BC0003DB19 /* PBXTargetDependency */ = {
			isa = PBXTargetDependency;
			target = D4DB8EA32C5813B20003DB19 /* WildlifeWatch */;
			targetProxy = D4DB8EB52C5813BC0003DB19 /* PBXContainerItemProxy */;
		};
		D4DB8EC02C5813BC0003DB19 /* PBXTargetDependency */ = {
			isa = PBXTargetDependency;
			target = D4DB8EA32C5813B20003DB19 /* WildlifeWatch */;
			targetProxy = D4DB8EBF2C5813BC0003DB19 /* PBXContainerItemProxy */;
		};
/* End PBXTargetDependency section */

/* Begin XCBuildConfiguration section */
		D4DB8EC62C5813BC0003DB19 /* Debug */ = {
			isa = XCBuildConfiguration;
			buildSettings = {
				ALWAYS_SEARCH_USER_PATHS = NO;
				ASSETCATALOG_COMPILER_GENERATE_SWIFT_ASSET_SYMBOL_EXTENSIONS = YES;
				CLANG_ANALYZER_NONNULL = YES;
				CLANG_ANALYZER_NUMBER_OBJECT_CONVERSION = YES_AGGRESSIVE;
				CLANG_CXX_LANGUAGE_STANDARD = "gnu++20";
				CLANG_ENABLE_MODULES = YES;
				CLANG_ENABLE_OBJC_ARC = YES;
				CLANG_ENABLE_OBJC_WEAK = YES;
				CLANG_WARN_BLOCK_CAPTURE_AUTORELEASING = YES;
				CLANG_WARN_BOOL_CONVERSION = YES;
				CLANG_WARN_COMMA = YES;
				CLANG_WARN_CONSTANT_CONVERSION = YES;
				CLANG_WARN_DEPRECATED_OBJC_IMPLEMENTATIONS = YES;
				CLANG_WARN_DIRECT_OBJC_ISA_USAGE = YES_ERROR;
				CLANG_WARN_DOCUMENTATION_COMMENTS = YES;
				CLANG_WARN_EMPTY_BODY = YES;
				CLANG_WARN_ENUM_CONVERSION = YES;
				CLANG_WARN_INFINITE_RECURSION = YES;
				CLANG_WARN_INT_CONVERSION = YES;
				CLANG_WARN_NON_LITERAL_NULL_CONVERSION = YES;
				CLANG_WARN_OBJC_IMPLICIT_RETAIN_SELF = YES;
				CLANG_WARN_OBJC_LITERAL_CONVERSION = YES;
				CLANG_WARN_OBJC_ROOT_CLASS = YES_ERROR;
				CLANG_WARN_QUOTED_INCLUDE_IN_FRAMEWORK_HEADER = YES;
				CLANG_WARN_RANGE_LOOP_ANALYSIS = YES;
				CLANG_WARN_STRICT_PROTOTYPES = YES;
				CLANG_WARN_SUSPICIOUS_MOVE = YES;
				CLANG_WARN_UNGUARDED_AVAILABILITY = YES_AGGRESSIVE;
				CLANG_WARN_UNREACHABLE_CODE = YES;
				CLANG_WARN__DUPLICATE_METHOD_MATCH = YES;
				COPY_PHASE_STRIP = NO;
				DEBUG_INFORMATION_FORMAT = dwarf;
				ENABLE_STRICT_OBJC_MSGSEND = YES;
				ENABLE_TESTABILITY = YES;
				ENABLE_USER_SCRIPT_SANDBOXING = YES;
				GCC_C_LANGUAGE_STANDARD = gnu17;
				GCC_DYNAMIC_NO_PIC = NO;
				GCC_NO_COMMON_BLOCKS = YES;
				GCC_OPTIMIZATION_LEVEL = 0;
				GCC_PREPROCESSOR_DEFINITIONS = (
					"DEBUG=1",
					"$(inherited)",
				);
				GCC_WARN_64_TO_32_BIT_CONVERSION = YES;
				GCC_WARN_ABOUT_RETURN_TYPE = YES_ERROR;
				GCC_WARN_UNDECLARED_SELECTOR = YES;
				GCC_WARN_UNINITIALIZED_AUTOS = YES_AGGRESSIVE;
				GCC_WARN_UNUSED_FUNCTION = YES;
				GCC_WARN_UNUSED_VARIABLE = YES;
				IPHONEOS_DEPLOYMENT_TARGET = 17.5;
				LOCALIZATION_PREFERS_STRING_CATALOGS = YES;
				MTL_ENABLE_DEBUG_INFO = INCLUDE_SOURCE;
				MTL_FAST_MATH = YES;
				ONLY_ACTIVE_ARCH = YES;
				SDKROOT = iphoneos;
				SWIFT_ACTIVE_COMPILATION_CONDITIONS = "DEBUG $(inherited)";
				SWIFT_OPTIMIZATION_LEVEL = "-Onone";
			};
			name = Debug;
		};
		D4DB8EC72C5813BC0003DB19 /* Release */ = {
			isa = XCBuildConfiguration;
			buildSettings = {
				ALWAYS_SEARCH_USER_PATHS = NO;
				ASSETCATALOG_COMPILER_GENERATE_SWIFT_ASSET_SYMBOL_EXTENSIONS = YES;
				CLANG_ANALYZER_NONNULL = YES;
				CLANG_ANALYZER_NUMBER_OBJECT_CONVERSION = YES_AGGRESSIVE;
				CLANG_CXX_LANGUAGE_STANDARD = "gnu++20";
				CLANG_ENABLE_MODULES = YES;
				CLANG_ENABLE_OBJC_ARC = YES;
				CLANG_ENABLE_OBJC_WEAK = YES;
				CLANG_WARN_BLOCK_CAPTURE_AUTORELEASING = YES;
				CLANG_WARN_BOOL_CONVERSION = YES;
				CLANG_WARN_COMMA = YES;
				CLANG_WARN_CONSTANT_CONVERSION = YES;
				CLANG_WARN_DEPRECATED_OBJC_IMPLEMENTATIONS = YES;
				CLANG_WARN_DIRECT_OBJC_ISA_USAGE = YES_ERROR;
				CLANG_WARN_DOCUMENTATION_COMMENTS = YES;
				CLANG_WARN_EMPTY_BODY = YES;
				CLANG_WARN_ENUM_CONVERSION = YES;
				CLANG_WARN_INFINITE_RECURSION = YES;
				CLANG_WARN_INT_CONVERSION = YES;
				CLANG_WARN_NON_LITERAL_NULL_CONVERSION = YES;
				CLANG_WARN_OBJC_IMPLICIT_RETAIN_SELF = YES;
				CLANG_WARN_OBJC_LITERAL_CONVERSION = YES;
				CLANG_WARN_OBJC_ROOT_CLASS = YES_ERROR;
				CLANG_WARN_QUOTED_INCLUDE_IN_FRAMEWORK_HEADER = YES;
				CLANG_WARN_RANGE_LOOP_ANALYSIS = YES;
				CLANG_WARN_STRICT_PROTOTYPES = YES;
				CLANG_WARN_SUSPICIOUS_MOVE = YES;
				CLANG_WARN_UNGUARDED_AVAILABILITY = YES_AGGRESSIVE;
				CLANG_WARN_UNREACHABLE_CODE = YES;
				CLANG_WARN__DUPLICATE_METHOD_MATCH = YES;
				COPY_PHASE_STRIP = NO;
				DEBUG_INFORMATION_FORMAT = "dwarf-with-dsym";
				ENABLE_NS_ASSERTIONS = NO;
				ENABLE_STRICT_OBJC_MSGSEND = YES;
				ENABLE_USER_SCRIPT_SANDBOXING = YES;
				GCC_C_LANGUAGE_STANDARD = gnu17;
				GCC_NO_COMMON_BLOCKS = YES;
				GCC_WARN_64_TO_32_BIT_CONVERSION = YES;
				GCC_WARN_ABOUT_RETURN_TYPE = YES_ERROR;
				GCC_WARN_UNDECLARED_SELECTOR = YES;
				GCC_WARN_UNINITIALIZED_AUTOS = YES_AGGRESSIVE;
				GCC_WARN_UNUSED_FUNCTION = YES;
				GCC_WARN_UNUSED_VARIABLE = YES;
				IPHONEOS_DEPLOYMENT_TARGET = 17.5;
				LOCALIZATION_PREFERS_STRING_CATALOGS = YES;
				MTL_ENABLE_DEBUG_INFO = NO;
				MTL_FAST_MATH = YES;
				SDKROOT = iphoneos;
				SWIFT_COMPILATION_MODE = wholemodule;
				VALIDATE_PRODUCT = YES;
			};
			name = Release;
		};
		D4DB8EC92C5813BC0003DB19 /* Debug */ = {
			isa = XCBuildConfiguration;
			buildSettings = {
				ASSETCATALOG_COMPILER_APPICON_NAME = AppIcon;
				ASSETCATALOG_COMPILER_GLOBAL_ACCENT_COLOR_NAME = AccentColor;
				CODE_SIGN_STYLE = Automatic;
				CURRENT_PROJECT_VERSION = 1;
				DEVELOPMENT_ASSET_PATHS = "\"WildlifeWatch/Preview Content\"";
				ENABLE_PREVIEWS = YES;
				GENERATE_INFOPLIST_FILE = YES;
				INFOPLIST_KEY_UIApplicationSceneManifest_Generation = YES;
				INFOPLIST_KEY_UIApplicationSupportsIndirectInputEvents = YES;
				INFOPLIST_KEY_UILaunchScreen_Generation = YES;
				INFOPLIST_KEY_UISupportedInterfaceOrientations_iPad = "UIInterfaceOrientationPortrait UIInterfaceOrientationPortraitUpsideDown UIInterfaceOrientationLandscapeLeft UIInterfaceOrientationLandscapeRight";
				INFOPLIST_KEY_UISupportedInterfaceOrientations_iPhone = "UIInterfaceOrientationPortrait UIInterfaceOrientationLandscapeLeft UIInterfaceOrientationLandscapeRight";
				LD_RUNPATH_SEARCH_PATHS = (
					"$(inherited)",
					"@executable_path/Frameworks",
				);
				MARKETING_VERSION = 1.0;
				PRODUCT_BUNDLE_IDENTIFIER = kwk.WildlifeWatch;
				PRODUCT_NAME = "$(TARGET_NAME)";
				SWIFT_EMIT_LOC_STRINGS = YES;
				SWIFT_VERSION = 5.0;
				TARGETED_DEVICE_FAMILY = "1,2";
			};
			name = Debug;
		};
		D4DB8ECA2C5813BC0003DB19 /* Release */ = {
			isa = XCBuildConfiguration;
			buildSettings = {
				ASSETCATALOG_COMPILER_APPICON_NAME = AppIcon;
				ASSETCATALOG_COMPILER_GLOBAL_ACCENT_COLOR_NAME = AccentColor;
				CODE_SIGN_STYLE = Automatic;
				CURRENT_PROJECT_VERSION = 1;
				DEVELOPMENT_ASSET_PATHS = "\"WildlifeWatch/Preview Content\"";
				ENABLE_PREVIEWS = YES;
				GENERATE_INFOPLIST_FILE = YES;
				INFOPLIST_KEY_UIApplicationSceneManifest_Generation = YES;
				INFOPLIST_KEY_UIApplicationSupportsIndirectInputEvents = YES;
				INFOPLIST_KEY_UILaunchScreen_Generation = YES;
				INFOPLIST_KEY_UISupportedInterfaceOrientations_iPad = "UIInterfaceOrientationPortrait UIInterfaceOrientationPortraitUpsideDown UIInterfaceOrientationLandscapeLeft UIInterfaceOrientationLandscapeRight";
				INFOPLIST_KEY_UISupportedInterfaceOrientations_iPhone = "UIInterfaceOrientationPortrait UIInterfaceOrientationLandscapeLeft UIInterfaceOrientationLandscapeRight";
				LD_RUNPATH_SEARCH_PATHS = (
					"$(inherited)",
					"@executable_path/Frameworks",
				);
				MARKETING_VERSION = 1.0;
				PRODUCT_BUNDLE_IDENTIFIER = kwk.WildlifeWatch;
				PRODUCT_NAME = "$(TARGET_NAME)";
				SWIFT_EMIT_LOC_STRINGS = YES;
				SWIFT_VERSION = 5.0;
				TARGETED_DEVICE_FAMILY = "1,2";
			};
			name = Release;
		};
		D4DB8ECC2C5813BC0003DB19 /* Debug */ = {
			isa = XCBuildConfiguration;
			buildSettings = {
				ALWAYS_EMBED_SWIFT_STANDARD_LIBRARIES = YES;
				BUNDLE_LOADER = "$(TEST_HOST)";
				CODE_SIGN_STYLE = Automatic;
				CURRENT_PROJECT_VERSION = 1;
				GENERATE_INFOPLIST_FILE = YES;
				IPHONEOS_DEPLOYMENT_TARGET = 17.5;
				MARKETING_VERSION = 1.0;
				PRODUCT_BUNDLE_IDENTIFIER = kwk.WildlifeWatchTests;
				PRODUCT_NAME = "$(TARGET_NAME)";
				SWIFT_EMIT_LOC_STRINGS = NO;
				SWIFT_VERSION = 5.0;
				TARGETED_DEVICE_FAMILY = "1,2";
				TEST_HOST = "$(BUILT_PRODUCTS_DIR)/WildlifeWatch.app/$(BUNDLE_EXECUTABLE_FOLDER_PATH)/WildlifeWatch";
			};
			name = Debug;
		};
		D4DB8ECD2C5813BC0003DB19 /* Release */ = {
			isa = XCBuildConfiguration;
			buildSettings = {
				ALWAYS_EMBED_SWIFT_STANDARD_LIBRARIES = YES;
				BUNDLE_LOADER = "$(TEST_HOST)";
				CODE_SIGN_STYLE = Automatic;
				CURRENT_PROJECT_VERSION = 1;
				GENERATE_INFOPLIST_FILE = YES;
				IPHONEOS_DEPLOYMENT_TARGET = 17.5;
				MARKETING_VERSION = 1.0;
				PRODUCT_BUNDLE_IDENTIFIER = kwk.WildlifeWatchTests;
				PRODUCT_NAME = "$(TARGET_NAME)";
				SWIFT_EMIT_LOC_STRINGS = NO;
				SWIFT_VERSION = 5.0;
				TARGETED_DEVICE_FAMILY = "1,2";
				TEST_HOST = "$(BUILT_PRODUCTS_DIR)/WildlifeWatch.app/$(BUNDLE_EXECUTABLE_FOLDER_PATH)/WildlifeWatch";
			};
			name = Release;
		};
		D4DB8ECF2C5813BC0003DB19 /* Debug */ = {
			isa = XCBuildConfiguration;
			buildSettings = {
				ALWAYS_EMBED_SWIFT_STANDARD_LIBRARIES = YES;
				CODE_SIGN_STYLE = Automatic;
				CURRENT_PROJECT_VERSION = 1;
				GENERATE_INFOPLIST_FILE = YES;
				MARKETING_VERSION = 1.0;
				PRODUCT_BUNDLE_IDENTIFIER = kwk.WildlifeWatchUITests;
				PRODUCT_NAME = "$(TARGET_NAME)";
				SWIFT_EMIT_LOC_STRINGS = NO;
				SWIFT_VERSION = 5.0;
				TARGETED_DEVICE_FAMILY = "1,2";
				TEST_TARGET_NAME = WildlifeWatch;
			};
			name = Debug;
		};
		D4DB8ED02C5813BC0003DB19 /* Release */ = {
			isa = XCBuildConfiguration;
			buildSettings = {
				ALWAYS_EMBED_SWIFT_STANDARD_LIBRARIES = YES;
				CODE_SIGN_STYLE = Automatic;
				CURRENT_PROJECT_VERSION = 1;
				GENERATE_INFOPLIST_FILE = YES;
				MARKETING_VERSION = 1.0;
				PRODUCT_BUNDLE_IDENTIFIER = kwk.WildlifeWatchUITests;
				PRODUCT_NAME = "$(TARGET_NAME)";
				SWIFT_EMIT_LOC_STRINGS = NO;
				SWIFT_VERSION = 5.0;
				TARGETED_DEVICE_FAMILY = "1,2";
				TEST_TARGET_NAME = WildlifeWatch;
			};
			name = Release;
		};
/* End XCBuildConfiguration section */

/* Begin XCConfigurationList section */
		D4DB8E9F2C5813B20003DB19 /* Build configuration list for PBXProject "WildlifeWatch" */ = {
			isa = XCConfigurationList;
			buildConfigurations = (
				D4DB8EC62C5813BC0003DB19 /* Debug */,
				D4DB8EC72C5813BC0003DB19 /* Release */,
			);
			defaultConfigurationIsVisible = 0;
			defaultConfigurationName = Release;
		};
		D4DB8EC82C5813BC0003DB19 /* Build configuration list for PBXNativeTarget "WildlifeWatch" */ = {
			isa = XCConfigurationList;
			buildConfigurations = (
				D4DB8EC92C5813BC0003DB19 /* Debug */,
				D4DB8ECA2C5813BC0003DB19 /* Release */,
			);
			defaultConfigurationIsVisible = 0;
			defaultConfigurationName = Release;
		};
		D4DB8ECB2C5813BC0003DB19 /* Build configuration list for PBXNativeTarget "WildlifeWatchTests" */ = {
			isa = XCConfigurationList;
			buildConfigurations = (
				D4DB8ECC2C5813BC0003DB19 /* Debug */,
				D4DB8ECD2C5813BC0003DB19 /* Release */,
			);
			defaultConfigurationIsVisible = 0;
			defaultConfigurationName = Release;
		};
		D4DB8ECE2C5813BC0003DB19 /* Build configuration list for PBXNativeTarget "WildlifeWatchUITests" */ = {
			isa = XCConfigurationList;
			buildConfigurations = (
				D4DB8ECF2C5813BC0003DB19 /* Debug */,
				D4DB8ED02C5813BC0003DB19 /* Release */,
			);
			defaultConfigurationIsVisible = 0;
			defaultConfigurationName = Release;
		};
/* End XCConfigurationList section */
	};
	rootObject = D4DB8E9C2C5813B20003DB19 /* Project object */;
}
